
Microsoft Visual Studio Solution File, Format Version 12.00
# Visual Studio Version 17
VisualStudioVersion = 17.8.34601.278
MinimumVisualStudioVersion = 10.0.40219.1
Project("{9A19103F-16F7-4668-BE54-9A1E7A4F7556}") = "AteaTask1.Api", "AteaScraper\AteaTask1.Api.csproj", "{CC4FACC3-CAFB-413C-BBE9-8A6FFB693D48}"
EndProject
Project("{FAE04EC0-301F-11D3-BF4B-00C04F79EFBC}") = "AteaTask1.Core", "AteaTask1.Core\AteaTask1.Core.csproj", "{4BF19415-3910-49BB-A90B-ED71A82C74A8}"
EndProject
Project("{FAE04EC0-301F-11D3-BF4B-00C04F79EFBC}") = "AteaTask1.Service", "AteaTask1.Service\AteaTask1.Service.csproj", "{95937DDB-8292-46DD-91EC-5E946BA14BAB}"
EndProject
Global
	GlobalSection(SolutionConfigurationPlatforms) = preSolution
		Debug|Any CPU = Debug|Any CPU
		Release|Any CPU = Release|Any CPU
	EndGlobalSection
	GlobalSection(ProjectConfigurationPlatforms) = postSolution
		{CC4FACC3-CAFB-413C-BBE9-8A6FFB693D48}.Debug|Any CPU.ActiveCfg = Debug|Any CPU
		{CC4FACC3-CAFB-413C-BBE9-8A6FFB693D48}.Debug|Any CPU.Build.0 = Debug|Any CPU
		{CC4FACC3-CAFB-413C-BBE9-8A6FFB693D48}.Release|Any CPU.ActiveCfg = Release|Any CPU
		{CC4FACC3-CAFB-413C-BBE9-8A6FFB693D48}.Release|Any CPU.Build.0 = Release|Any CPU
		{4BF19415-3910-49BB-A90B-ED71A82C74A8}.Debug|Any CPU.ActiveCfg = Debug|Any CPU
		{4BF19415-3910-49BB-A90B-ED71A82C74A8}.Debug|Any CPU.Build.0 = Debug|Any CPU
		{4BF19415-3910-49BB-A90B-ED71A82C74A8}.Release|Any CPU.ActiveCfg = Release|Any CPU
		{4BF19415-3910-49BB-A90B-ED71A82C74A8}.Release|Any CPU.Build.0 = Release|Any CPU
		{95937DDB-8292-46DD-91EC-5E946BA14BAB}.Debug|Any CPU.ActiveCfg = Debug|Any CPU
		{95937DDB-8292-46DD-91EC-5E946BA14BAB}.Debug|Any CPU.Build.0 = Debug|Any CPU
		{95937DDB-8292-46DD-91EC-5E946BA14BAB}.Release|Any CPU.ActiveCfg = Release|Any CPU
		{95937DDB-8292-46DD-91EC-5E946BA14BAB}.Release|Any CPU.Build.0 = Release|Any CPU
	EndGlobalSection
	GlobalSection(SolutionProperties) = preSolution
		HideSolutionNode = FALSE
	EndGlobalSection
	GlobalSection(ExtensibilityGlobals) = postSolution
		SolutionGuid = {7DCBA7BC-17E9-4DC8-BCCF-594FBDAD0210}
	EndGlobalSection
EndGlobal
